// !$*UTF8*$!
{
	archiveVersion = 1;
	classes = {
	};
	objectVersion = 56;
	objects = {

/* Begin PBXBuildFile section */
		D3333B1D2C9DF02300B4B3E8 /* Project2BeRealCloneApp.swift in Sources */ = {isa = PBXBuildFile; fileRef = D3333B1C2C9DF02300B4B3E8 /* Project2BeRealCloneApp.swift */; };
		D3333B1F2C9DF02300B4B3E8 /* WelcomeView.swift in Sources */ = {isa = PBXBuildFile; fileRef = D3333B1E2C9DF02300B4B3E8 /* WelcomeView.swift */; };
		D3333B212C9DF02500B4B3E8 /* Assets.xcassets in Resources */ = {isa = PBXBuildFile; fileRef = D3333B202C9DF02500B4B3E8 /* Assets.xcassets */; };
		D3333B242C9DF02500B4B3E8 /* Preview Assets.xcassets in Resources */ = {isa = PBXBuildFile; fileRef = D3333B232C9DF02500B4B3E8 /* Preview Assets.xcassets */; };
		D3333B2E2C9DF02500B4B3E8 /* Project2BeRealCloneTests.swift in Sources */ = {isa = PBXBuildFile; fileRef = D3333B2D2C9DF02500B4B3E8 /* Project2BeRealCloneTests.swift */; };
		D3333B382C9DF02500B4B3E8 /* Project2BeRealCloneUITests.swift in Sources */ = {isa = PBXBuildFile; fileRef = D3333B372C9DF02500B4B3E8 /* Project2BeRealCloneUITests.swift */; };
		D3333B3A2C9DF02500B4B3E8 /* Project2BeRealCloneUITestsLaunchTests.swift in Sources */ = {isa = PBXBuildFile; fileRef = D3333B392C9DF02500B4B3E8 /* Project2BeRealCloneUITestsLaunchTests.swift */; };
		D3333B482C9DF39500B4B3E8 /* AppDelegate.swift in Sources */ = {isa = PBXBuildFile; fileRef = D3333B472C9DF39500B4B3E8 /* AppDelegate.swift */; };
		D3504AE82C9DF689008B7193 /* ParseLiveQuery in Frameworks */ = {isa = PBXBuildFile; productRef = D3504AE72C9DF689008B7193 /* ParseLiveQuery */; };
		D3504AEA2C9DF689008B7193 /* ParseObjC in Frameworks */ = {isa = PBXBuildFile; productRef = D3504AE92C9DF689008B7193 /* ParseObjC */; };
		D3EE31B12CA1034C00E3B277 /* SignUpView.swift in Sources */ = {isa = PBXBuildFile; fileRef = D3EE31B02CA1034C00E3B277 /* SignUpView.swift */; };
		D3EE31B32CA1080300E3B277 /* HomeScreenView.swift in Sources */ = {isa = PBXBuildFile; fileRef = D3EE31B22CA1080300E3B277 /* HomeScreenView.swift */; };
		D3EE31B52CA109D600E3B277 /* PostPhotoView.swift in Sources */ = {isa = PBXBuildFile; fileRef = D3EE31B42CA109D600E3B277 /* PostPhotoView.swift */; };
/* End PBXBuildFile section */

/* Begin PBXContainerItemProxy section */
		D3333B2A2C9DF02500B4B3E8 /* PBXContainerItemProxy */ = {
			isa = PBXContainerItemProxy;
			containerPortal = D3333B112C9DF02300B4B3E8 /* Project object */;
			proxyType = 1;
			remoteGlobalIDString = D3333B182C9DF02300B4B3E8;
			remoteInfo = Project2BeRealClone;
		};
		D3333B342C9DF02500B4B3E8 /* PBXContainerItemProxy */ = {
			isa = PBXContainerItemProxy;
			containerPortal = D3333B112C9DF02300B4B3E8 /* Project object */;
			proxyType = 1;
			remoteGlobalIDString = D3333B182C9DF02300B4B3E8;
			remoteInfo = Project2BeRealClone;
		};
/* End PBXContainerItemProxy section */

/* Begin PBXFileReference section */
		D3333B192C9DF02300B4B3E8 /* Project2BeRealClone.app */ = {isa = PBXFileReference; explicitFileType = wrapper.application; includeInIndex = 0; path = Project2BeRealClone.app; sourceTree = BUILT_PRODUCTS_DIR; };
		D3333B1C2C9DF02300B4B3E8 /* Project2BeRealCloneApp.swift */ = {isa = PBXFileReference; lastKnownFileType = sourcecode.swift; path = Project2BeRealCloneApp.swift; sourceTree = "<group>"; };
		D3333B1E2C9DF02300B4B3E8 /* WelcomeView.swift */ = {isa = PBXFileReference; lastKnownFileType = sourcecode.swift; path = WelcomeView.swift; sourceTree = "<group>"; };
		D3333B202C9DF02500B4B3E8 /* Assets.xcassets */ = {isa = PBXFileReference; lastKnownFileType = folder.assetcatalog; path = Assets.xcassets; sourceTree = "<group>"; };
		D3333B232C9DF02500B4B3E8 /* Preview Assets.xcassets */ = {isa = PBXFileReference; lastKnownFileType = folder.assetcatalog; path = "Preview Assets.xcassets"; sourceTree = "<group>"; };
		D3333B292C9DF02500B4B3E8 /* Project2BeRealCloneTests.xctest */ = {isa = PBXFileReference; explicitFileType = wrapper.cfbundle; includeInIndex = 0; path = Project2BeRealCloneTests.xctest; sourceTree = BUILT_PRODUCTS_DIR; };
		D3333B2D2C9DF02500B4B3E8 /* Project2BeRealCloneTests.swift */ = {isa = PBXFileReference; lastKnownFileType = sourcecode.swift; path = Project2BeRealCloneTests.swift; sourceTree = "<group>"; };
		D3333B332C9DF02500B4B3E8 /* Project2BeRealCloneUITests.xctest */ = {isa = PBXFileReference; explicitFileType = wrapper.cfbundle; includeInIndex = 0; path = Project2BeRealCloneUITests.xctest; sourceTree = BUILT_PRODUCTS_DIR; };
		D3333B372C9DF02500B4B3E8 /* Project2BeRealCloneUITests.swift */ = {isa = PBXFileReference; lastKnownFileType = sourcecode.swift; path = Project2BeRealCloneUITests.swift; sourceTree = "<group>"; };
		D3333B392C9DF02500B4B3E8 /* Project2BeRealCloneUITestsLaunchTests.swift */ = {isa = PBXFileReference; lastKnownFileType = sourcecode.swift; path = Project2BeRealCloneUITestsLaunchTests.swift; sourceTree = "<group>"; };
		D3333B472C9DF39500B4B3E8 /* AppDelegate.swift */ = {isa = PBXFileReference; lastKnownFileType = sourcecode.swift; path = AppDelegate.swift; sourceTree = "<group>"; };
		D3EE31B02CA1034C00E3B277 /* SignUpView.swift */ = {isa = PBXFileReference; lastKnownFileType = sourcecode.swift; path = SignUpView.swift; sourceTree = "<group>"; };
		D3EE31B22CA1080300E3B277 /* HomeScreenView.swift */ = {isa = PBXFileReference; lastKnownFileType = sourcecode.swift; path = HomeScreenView.swift; sourceTree = "<group>"; };
		D3EE31B42CA109D600E3B277 /* PostPhotoView.swift */ = {isa = PBXFileReference; lastKnownFileType = sourcecode.swift; path = PostPhotoView.swift; sourceTree = "<group>"; };
/* End PBXFileReference section */

/* Begin PBXFrameworksBuildPhase section */
		D3333B162C9DF02300B4B3E8 /* Frameworks */ = {
			isa = PBXFrameworksBuildPhase;
			buildActionMask = 2147483647;
			files = (
				D3504AEA2C9DF689008B7193 /* ParseObjC in Frameworks */,
				D3504AE82C9DF689008B7193 /* ParseLiveQuery in Frameworks */,
			);
			runOnlyForDeploymentPostprocessing = 0;
		};
		D3333B262C9DF02500B4B3E8 /* Frameworks */ = {
			isa = PBXFrameworksBuildPhase;
			buildActionMask = 2147483647;
			files = (
			);
			runOnlyForDeploymentPostprocessing = 0;
		};
		D3333B302C9DF02500B4B3E8 /* Frameworks */ = {
			isa = PBXFrameworksBuildPhase;
			buildActionMask = 2147483647;
			files = (
			);
			runOnlyForDeploymentPostprocessing = 0;
		};
/* End PBXFrameworksBuildPhase section */

/* Begin PBXGroup section */
		D3333B102C9DF02300B4B3E8 = {
			isa = PBXGroup;
			children = (
				D3333B1B2C9DF02300B4B3E8 /* Project2BeRealClone */,
				D3333B2C2C9DF02500B4B3E8 /* Project2BeRealCloneTests */,
				D3333B362C9DF02500B4B3E8 /* Project2BeRealCloneUITests */,
				D3333B1A2C9DF02300B4B3E8 /* Products */,
			);
			sourceTree = "<group>";
		};
		D3333B1A2C9DF02300B4B3E8 /* Products */ = {
			isa = PBXGroup;
			children = (
				D3333B192C9DF02300B4B3E8 /* Project2BeRealClone.app */,
				D3333B292C9DF02500B4B3E8 /* Project2BeRealCloneTests.xctest */,
				D3333B332C9DF02500B4B3E8 /* Project2BeRealCloneUITests.xctest */,
			);
			name = Products;
			sourceTree = "<group>";
		};
		D3333B1B2C9DF02300B4B3E8 /* Project2BeRealClone */ = {
			isa = PBXGroup;
			children = (
				D3333B472C9DF39500B4B3E8 /* AppDelegate.swift */,
				D3333B1C2C9DF02300B4B3E8 /* Project2BeRealCloneApp.swift */,
				D3333B1E2C9DF02300B4B3E8 /* WelcomeView.swift */,
				D3EE31B22CA1080300E3B277 /* HomeScreenView.swift */,
				D3EE31B42CA109D600E3B277 /* PostPhotoView.swift */,
				D3EE31B02CA1034C00E3B277 /* SignUpView.swift */,
				D3333B202C9DF02500B4B3E8 /* Assets.xcassets */,
				D3333B222C9DF02500B4B3E8 /* Preview Content */,
			);
			path = Project2BeRealClone;
			sourceTree = "<group>";
		};
		D3333B222C9DF02500B4B3E8 /* Preview Content */ = {
			isa = PBXGroup;
			children = (
				D3333B232C9DF02500B4B3E8 /* Preview Assets.xcassets */,
			);
			path = "Preview Content";
			sourceTree = "<group>";
		};
		D3333B2C2C9DF02500B4B3E8 /* Project2BeRealCloneTests */ = {
			isa = PBXGroup;
			children = (
				D3333B2D2C9DF02500B4B3E8 /* Project2BeRealCloneTests.swift */,
			);
			path = Project2BeRealCloneTests;
			sourceTree = "<group>";
		};
		D3333B362C9DF02500B4B3E8 /* Project2BeRealCloneUITests */ = {
			isa = PBXGroup;
			children = (
				D3333B372C9DF02500B4B3E8 /* Project2BeRealCloneUITests.swift */,
				D3333B392C9DF02500B4B3E8 /* Project2BeRealCloneUITestsLaunchTests.swift */,
			);
			path = Project2BeRealCloneUITests;
			sourceTree = "<group>";
		};
/* End PBXGroup section */

/* Begin PBXNativeTarget section */
		D3333B182C9DF02300B4B3E8 /* Project2BeRealClone */ = {
			isa = PBXNativeTarget;
			buildConfigurationList = D3333B3D2C9DF02500B4B3E8 /* Build configuration list for PBXNativeTarget "Project2BeRealClone" */;
			buildPhases = (
				D3333B152C9DF02300B4B3E8 /* Sources */,
				D3333B162C9DF02300B4B3E8 /* Frameworks */,
				D3333B172C9DF02300B4B3E8 /* Resources */,
			);
			buildRules = (
			);
			dependencies = (
			);
			name = Project2BeRealClone;
			packageProductDependencies = (
				D3504AE72C9DF689008B7193 /* ParseLiveQuery */,
				D3504AE92C9DF689008B7193 /* ParseObjC */,
			);
			productName = Project2BeRealClone;
			productReference = D3333B192C9DF02300B4B3E8 /* Project2BeRealClone.app */;
			productType = "com.apple.product-type.application";
		};
		D3333B282C9DF02500B4B3E8 /* Project2BeRealCloneTests */ = {
			isa = PBXNativeTarget;
			buildConfigurationList = D3333B402C9DF02500B4B3E8 /* Build configuration list for PBXNativeTarget "Project2BeRealCloneTests" */;
			buildPhases = (
				D3333B252C9DF02500B4B3E8 /* Sources */,
				D3333B262C9DF02500B4B3E8 /* Frameworks */,
				D3333B272C9DF02500B4B3E8 /* Resources */,
			);
			buildRules = (
			);
			dependencies = (
				D3333B2B2C9DF02500B4B3E8 /* PBXTargetDependency */,
			);
			name = Project2BeRealCloneTests;
			productName = Project2BeRealCloneTests;
			productReference = D3333B292C9DF02500B4B3E8 /* Project2BeRealCloneTests.xctest */;
			productType = "com.apple.product-type.bundle.unit-test";
		};
		D3333B322C9DF02500B4B3E8 /* Project2BeRealCloneUITests */ = {
			isa = PBXNativeTarget;
			buildConfigurationList = D3333B432C9DF02500B4B3E8 /* Build configuration list for PBXNativeTarget "Project2BeRealCloneUITests" */;
			buildPhases = (
				D3333B2F2C9DF02500B4B3E8 /* Sources */,
				D3333B302C9DF02500B4B3E8 /* Frameworks */,
				D3333B312C9DF02500B4B3E8 /* Resources */,
			);
			buildRules = (
			);
			dependencies = (
				D3333B352C9DF02500B4B3E8 /* PBXTargetDependency */,
			);
			name = Project2BeRealCloneUITests;
			productName = Project2BeRealCloneUITests;
			productReference = D3333B332C9DF02500B4B3E8 /* Project2BeRealCloneUITests.xctest */;
			productType = "com.apple.product-type.bundle.ui-testing";
		};
/* End PBXNativeTarget section */

/* Begin PBXProject section */
		D3333B112C9DF02300B4B3E8 /* Project object */ = {
			isa = PBXProject;
			attributes = {
				BuildIndependentTargetsInParallel = 1;
				LastSwiftUpdateCheck = 1530;
				LastUpgradeCheck = 1530;
				TargetAttributes = {
					D3333B182C9DF02300B4B3E8 = {
						CreatedOnToolsVersion = 15.3;
					};
					D3333B282C9DF02500B4B3E8 = {
						CreatedOnToolsVersion = 15.3;
						TestTargetID = D3333B182C9DF02300B4B3E8;
					};
					D3333B322C9DF02500B4B3E8 = {
						CreatedOnToolsVersion = 15.3;
						TestTargetID = D3333B182C9DF02300B4B3E8;
					};
				};
			};
			buildConfigurationList = D3333B142C9DF02300B4B3E8 /* Build configuration list for PBXProject "Project2BeRealClone" */;
			compatibilityVersion = "Xcode 14.0";
			developmentRegion = en;
			hasScannedForEncodings = 0;
			knownRegions = (
				en,
				Base,
			);
			mainGroup = D3333B102C9DF02300B4B3E8;
			packageReferences = (
				D3504AE62C9DF689008B7193 /* XCRemoteSwiftPackageReference "Parse-SDK-iOS-OSX" */,
			);
			productRefGroup = D3333B1A2C9DF02300B4B3E8 /* Products */;
			projectDirPath = "";
			projectRoot = "";
			targets = (
				D3333B182C9DF02300B4B3E8 /* Project2BeRealClone */,
				D3333B282C9DF02500B4B3E8 /* Project2BeRealCloneTests */,
				D3333B322C9DF02500B4B3E8 /* Project2BeRealCloneUITests */,
			);
		};
/* End PBXProject section */

/* Begin PBXResourcesBuildPhase section */
		D3333B172C9DF02300B4B3E8 /* Resources */ = {
			isa = PBXResourcesBuildPhase;
			buildActionMask = 2147483647;
			files = (
				D3333B242C9DF02500B4B3E8 /* Preview Assets.xcassets in Resources */,
				D3333B212C9DF02500B4B3E8 /* Assets.xcassets in Resources */,
			);
			runOnlyForDeploymentPostprocessing = 0;
		};
		D3333B272C9DF02500B4B3E8 /* Resources */ = {
			isa = PBXResourcesBuildPhase;
			buildActionMask = 2147483647;
			files = (
			);
			runOnlyForDeploymentPostprocessing = 0;
		};
		D3333B312C9DF02500B4B3E8 /* Resources */ = {
			isa = PBXResourcesBuildPhase;
			buildActionMask = 2147483647;
			files = (
			);
			runOnlyForDeploymentPostprocessing = 0;
		};
/* End PBXResourcesBuildPhase section */

/* Begin PBXSourcesBuildPhase section */
		D3333B152C9DF02300B4B3E8 /* Sources */ = {
			isa = PBXSourcesBuildPhase;
			buildActionMask = 2147483647;
			files = (
				D3EE31B12CA1034C00E3B277 /* SignUpView.swift in Sources */,
				D3333B482C9DF39500B4B3E8 /* AppDelegate.swift in Sources */,
				D3EE31B32CA1080300E3B277 /* HomeScreenView.swift in Sources */,
				D3333B1F2C9DF02300B4B3E8 /* WelcomeView.swift in Sources */,
				D3333B1D2C9DF02300B4B3E8 /* Project2BeRealCloneApp.swift in Sources */,
				D3EE31B52CA109D600E3B277 /* PostPhotoView.swift in Sources */,
			);
			runOnlyForDeploymentPostprocessing = 0;
		};
		D3333B252C9DF02500B4B3E8 /* Sources */ = {
			isa = PBXSourcesBuildPhase;
			buildActionMask = 2147483647;
			files = (
				D3333B2E2C9DF02500B4B3E8 /* Project2BeRealCloneTests.swift in Sources */,
			);
			runOnlyForDeploymentPostprocessing = 0;
		};
		D3333B2F2C9DF02500B4B3E8 /* Sources */ = {
			isa = PBXSourcesBuildPhase;
			buildActionMask = 2147483647;
			files = (
				D3333B3A2C9DF02500B4B3E8 /* Project2BeRealCloneUITestsLaunchTests.swift in Sources */,
				D3333B382C9DF02500B4B3E8 /* Project2BeRealCloneUITests.swift in Sources */,
			);
			runOnlyForDeploymentPostprocessing = 0;
		};
/* End PBXSourcesBuildPhase section */

/* Begin PBXTargetDependency section */
		D3333B2B2C9DF02500B4B3E8 /* PBXTargetDependency */ = {
			isa = PBXTargetDependency;
			target = D3333B182C9DF02300B4B3E8 /* Project2BeRealClone */;
			targetProxy = D3333B2A2C9DF02500B4B3E8 /* PBXContainerItemProxy */;
		};
		D3333B352C9DF02500B4B3E8 /* PBXTargetDependency */ = {
			isa = PBXTargetDependency;
			target = D3333B182C9DF02300B4B3E8 /* Project2BeRealClone */;
			targetProxy = D3333B342C9DF02500B4B3E8 /* PBXContainerItemProxy */;
		};
/* End PBXTargetDependency section */

/* Begin XCBuildConfiguration section */
		D3333B3B2C9DF02500B4B3E8 /* Debug */ = {
			isa = XCBuildConfiguration;
			buildSettings = {
				ALWAYS_SEARCH_USER_PATHS = NO;
				ASSETCATALOG_COMPILER_GENERATE_SWIFT_ASSET_SYMBOL_EXTENSIONS = YES;
				CLANG_ANALYZER_NONNULL = YES;
				CLANG_ANALYZER_NUMBER_OBJECT_CONVERSION = YES_AGGRESSIVE;
				CLANG_CXX_LANGUAGE_STANDARD = "gnu++20";
				CLANG_ENABLE_MODULES = YES;
				CLANG_ENABLE_OBJC_ARC = YES;
				CLANG_ENABLE_OBJC_WEAK = YES;
				CLANG_WARN_BLOCK_CAPTURE_AUTORELEASING = YES;
				CLANG_WARN_BOOL_CONVERSION = YES;
				CLANG_WARN_COMMA = YES;
				CLANG_WARN_CONSTANT_CONVERSION = YES;
				CLANG_WARN_DEPRECATED_OBJC_IMPLEMENTATIONS = YES;
				CLANG_WARN_DIRECT_OBJC_ISA_USAGE = YES_ERROR;
				CLANG_WARN_DOCUMENTATION_COMMENTS = YES;
				CLANG_WARN_EMPTY_BODY = YES;
				CLANG_WARN_ENUM_CONVERSION = YES;
				CLANG_WARN_INFINITE_RECURSION = YES;
				CLANG_WARN_INT_CONVERSION = YES;
				CLANG_WARN_NON_LITERAL_NULL_CONVERSION = YES;
				CLANG_WARN_OBJC_IMPLICIT_RETAIN_SELF = YES;
				CLANG_WARN_OBJC_LITERAL_CONVERSION = YES;
				CLANG_WARN_OBJC_ROOT_CLASS = YES_ERROR;
				CLANG_WARN_QUOTED_INCLUDE_IN_FRAMEWORK_HEADER = YES;
				CLANG_WARN_RANGE_LOOP_ANALYSIS = YES;
				CLANG_WARN_STRICT_PROTOTYPES = YES;
				CLANG_WARN_SUSPICIOUS_MOVE = YES;
				CLANG_WARN_UNGUARDED_AVAILABILITY = YES_AGGRESSIVE;
				CLANG_WARN_UNREACHABLE_CODE = YES;
				CLANG_WARN__DUPLICATE_METHOD_MATCH = YES;
				COPY_PHASE_STRIP = NO;
				DEBUG_INFORMATION_FORMAT = dwarf;
				ENABLE_STRICT_OBJC_MSGSEND = YES;
				ENABLE_TESTABILITY = YES;
				ENABLE_USER_SCRIPT_SANDBOXING = YES;
				GCC_C_LANGUAGE_STANDARD = gnu17;
				GCC_DYNAMIC_NO_PIC = NO;
				GCC_NO_COMMON_BLOCKS = YES;
				GCC_OPTIMIZATION_LEVEL = 0;
				GCC_PREPROCESSOR_DEFINITIONS = (
					"DEBUG=1",
					"$(inherited)",
				);
				GCC_WARN_64_TO_32_BIT_CONVERSION = YES;
				GCC_WARN_ABOUT_RETURN_TYPE = YES_ERROR;
				GCC_WARN_UNDECLARED_SELECTOR = YES;
				GCC_WARN_UNINITIALIZED_AUTOS = YES_AGGRESSIVE;
				GCC_WARN_UNUSED_FUNCTION = YES;
				GCC_WARN_UNUSED_VARIABLE = YES;
				IPHONEOS_DEPLOYMENT_TARGET = 17.4;
				LOCALIZATION_PREFERS_STRING_CATALOGS = YES;
				MTL_ENABLE_DEBUG_INFO = INCLUDE_SOURCE;
				MTL_FAST_MATH = YES;
				ONLY_ACTIVE_ARCH = YES;
				SDKROOT = iphoneos;
				SWIFT_ACTIVE_COMPILATION_CONDITIONS = "DEBUG $(inherited)";
				SWIFT_OPTIMIZATION_LEVEL = "-Onone";
			};
			name = Debug;
		};
		D3333B3C2C9DF02500B4B3E8 /* Release */ = {
			isa = XCBuildConfiguration;
			buildSettings = {
				ALWAYS_SEARCH_USER_PATHS = NO;
				ASSETCATALOG_COMPILER_GENERATE_SWIFT_ASSET_SYMBOL_EXTENSIONS = YES;
				CLANG_ANALYZER_NONNULL = YES;
				CLANG_ANALYZER_NUMBER_OBJECT_CONVERSION = YES_AGGRESSIVE;
				CLANG_CXX_LANGUAGE_STANDARD = "gnu++20";
				CLANG_ENABLE_MODULES = YES;
				CLANG_ENABLE_OBJC_ARC = YES;
				CLANG_ENABLE_OBJC_WEAK = YES;
				CLANG_WARN_BLOCK_CAPTURE_AUTORELEASING = YES;
				CLANG_WARN_BOOL_CONVERSION = YES;
				CLANG_WARN_COMMA = YES;
				CLANG_WARN_CONSTANT_CONVERSION = YES;
				CLANG_WARN_DEPRECATED_OBJC_IMPLEMENTATIONS = YES;
				CLANG_WARN_DIRECT_OBJC_ISA_USAGE = YES_ERROR;
				CLANG_WARN_DOCUMENTATION_COMMENTS = YES;
				CLANG_WARN_EMPTY_BODY = YES;
				CLANG_WARN_ENUM_CONVERSION = YES;
				CLANG_WARN_INFINITE_RECURSION = YES;
				CLANG_WARN_INT_CONVERSION = YES;
				CLANG_WARN_NON_LITERAL_NULL_CONVERSION = YES;
				CLANG_WARN_OBJC_IMPLICIT_RETAIN_SELF = YES;
				CLANG_WARN_OBJC_LITERAL_CONVERSION = YES;
				CLANG_WARN_OBJC_ROOT_CLASS = YES_ERROR;
				CLANG_WARN_QUOTED_INCLUDE_IN_FRAMEWORK_HEADER = YES;
				CLANG_WARN_RANGE_LOOP_ANALYSIS = YES;
				CLANG_WARN_STRICT_PROTOTYPES = YES;
				CLANG_WARN_SUSPICIOUS_MOVE = YES;
				CLANG_WARN_UNGUARDED_AVAILABILITY = YES_AGGRESSIVE;
				CLANG_WARN_UNREACHABLE_CODE = YES;
				CLANG_WARN__DUPLICATE_METHOD_MATCH = YES;
				COPY_PHASE_STRIP = NO;
				DEBUG_INFORMATION_FORMAT = "dwarf-with-dsym";
				ENABLE_NS_ASSERTIONS = NO;
				ENABLE_STRICT_OBJC_MSGSEND = YES;
				ENABLE_USER_SCRIPT_SANDBOXING = YES;
				GCC_C_LANGUAGE_STANDARD = gnu17;
				GCC_NO_COMMON_BLOCKS = YES;
				GCC_WARN_64_TO_32_BIT_CONVERSION = YES;
				GCC_WARN_ABOUT_RETURN_TYPE = YES_ERROR;
				GCC_WARN_UNDECLARED_SELECTOR = YES;
				GCC_WARN_UNINITIALIZED_AUTOS = YES_AGGRESSIVE;
				GCC_WARN_UNUSED_FUNCTION = YES;
				GCC_WARN_UNUSED_VARIABLE = YES;
				IPHONEOS_DEPLOYMENT_TARGET = 17.4;
				LOCALIZATION_PREFERS_STRING_CATALOGS = YES;
				MTL_ENABLE_DEBUG_INFO = NO;
				MTL_FAST_MATH = YES;
				SDKROOT = iphoneos;
				SWIFT_COMPILATION_MODE = wholemodule;
				VALIDATE_PRODUCT = YES;
			};
			name = Release;
		};
		D3333B3E2C9DF02500B4B3E8 /* Debug */ = {
			isa = XCBuildConfiguration;
			buildSettings = {
				ASSETCATALOG_COMPILER_APPICON_NAME = AppIcon;
				ASSETCATALOG_COMPILER_GLOBAL_ACCENT_COLOR_NAME = AccentColor;
				CODE_SIGN_STYLE = Automatic;
				CURRENT_PROJECT_VERSION = 1;
				DEVELOPMENT_ASSET_PATHS = "\"Project2BeRealClone/Preview Content\"";
				DEVELOPMENT_TEAM = 62X5SNLX8B;
				ENABLE_PREVIEWS = YES;
				GENERATE_INFOPLIST_FILE = YES;
				INFOPLIST_KEY_NSCameraUsageDescription = "Allow Usage";
				INFOPLIST_KEY_NSPhotoLibraryUsageDescription = "Need Photo Library Access";
				INFOPLIST_KEY_UIApplicationSceneManifest_Generation = YES;
				INFOPLIST_KEY_UIApplicationSupportsIndirectInputEvents = YES;
				INFOPLIST_KEY_UILaunchScreen_Generation = YES;
				INFOPLIST_KEY_UISupportedInterfaceOrientations_iPad = "UIInterfaceOrientationPortrait UIInterfaceOrientationPortraitUpsideDown UIInterfaceOrientationLandscapeLeft UIInterfaceOrientationLandscapeRight";
				INFOPLIST_KEY_UISupportedInterfaceOrientations_iPhone = "UIInterfaceOrientationPortrait UIInterfaceOrientationLandscapeLeft UIInterfaceOrientationLandscapeRight";
				LD_RUNPATH_SEARCH_PATHS = (
					"$(inherited)",
					"@executable_path/Frameworks",
				);
				MARKETING_VERSION = 1.0;
				PRODUCT_BUNDLE_IDENTIFIER = DavidPerez.Project2BeRealClone;
				PRODUCT_NAME = "$(TARGET_NAME)";
				SWIFT_EMIT_LOC_STRINGS = YES;
				SWIFT_VERSION = 5.0;
				TARGETED_DEVICE_FAMILY = "1,2";
			};
			name = Debug;
		};
		D3333B3F2C9DF02500B4B3E8 /* Release */ = {
			isa = XCBuildConfiguration;
			buildSettings = {
				ASSETCATALOG_COMPILER_APPICON_NAME = AppIcon;
				ASSETCATALOG_COMPILER_GLOBAL_ACCENT_COLOR_NAME = AccentColor;
				CODE_SIGN_STYLE = Automatic;
				CURRENT_PROJECT_VERSION = 1;
				DEVELOPMENT_ASSET_PATHS = "\"Project2BeRealClone/Preview Content\"";
				DEVELOPMENT_TEAM = 62X5SNLX8B;
				ENABLE_PREVIEWS = YES;
				GENERATE_INFOPLIST_FILE = YES;
				INFOPLIST_KEY_NSCameraUsageDescription = "Allow Usage";
				INFOPLIST_KEY_NSPhotoLibraryUsageDescription = "Need Photo Library Access";
				INFOPLIST_KEY_UIApplicationSceneManifest_Generation = YES;
				INFOPLIST_KEY_UIApplicationSupportsIndirectInputEvents = YES;
				INFOPLIST_KEY_UILaunchScreen_Generation = YES;
				INFOPLIST_KEY_UISupportedInterfaceOrientations_iPad = "UIInterfaceOrientationPortrait UIInterfaceOrientationPortraitUpsideDown UIInterfaceOrientationLandscapeLeft UIInterfaceOrientationLandscapeRight";
				INFOPLIST_KEY_UISupportedInterfaceOrientations_iPhone = "UIInterfaceOrientationPortrait UIInterfaceOrientationLandscapeLeft UIInterfaceOrientationLandscapeRight";
				LD_RUNPATH_SEARCH_PATHS = (
					"$(inherited)",
					"@executable_path/Frameworks",
				);
				MARKETING_VERSION = 1.0;
				PRODUCT_BUNDLE_IDENTIFIER = DavidPerez.Project2BeRealClone;
				PRODUCT_NAME = "$(TARGET_NAME)";
				SWIFT_EMIT_LOC_STRINGS = YES;
				SWIFT_VERSION = 5.0;
				TARGETED_DEVICE_FAMILY = "1,2";
			};
			name = Release;
		};
		D3333B412C9DF02500B4B3E8 /* Debug */ = {
			isa = XCBuildConfiguration;
			buildSettings = {
				ALWAYS_EMBED_SWIFT_STANDARD_LIBRARIES = YES;
				BUNDLE_LOADER = "$(TEST_HOST)";
				CODE_SIGN_STYLE = Automatic;
				CURRENT_PROJECT_VERSION = 1;
				DEVELOPMENT_TEAM = 62X5SNLX8B;
				GENERATE_INFOPLIST_FILE = YES;
				IPHONEOS_DEPLOYMENT_TARGET = 17.4;
				MARKETING_VERSION = 1.0;
				PRODUCT_BUNDLE_IDENTIFIER = DavidPerez.Project2BeRealCloneTests;
				PRODUCT_NAME = "$(TARGET_NAME)";
				SWIFT_EMIT_LOC_STRINGS = NO;
				SWIFT_VERSION = 5.0;
				TARGETED_DEVICE_FAMILY = "1,2";
				TEST_HOST = "$(BUILT_PRODUCTS_DIR)/Project2BeRealClone.app/$(BUNDLE_EXECUTABLE_FOLDER_PATH)/Project2BeRealClone";
			};
			name = Debug;
		};
		D3333B422C9DF02500B4B3E8 /* Release */ = {
			isa = XCBuildConfiguration;
			buildSettings = {
				ALWAYS_EMBED_SWIFT_STANDARD_LIBRARIES = YES;
				BUNDLE_LOADER = "$(TEST_HOST)";
				CODE_SIGN_STYLE = Automatic;
				CURRENT_PROJECT_VERSION = 1;
				DEVELOPMENT_TEAM = 62X5SNLX8B;
				GENERATE_INFOPLIST_FILE = YES;
				IPHONEOS_DEPLOYMENT_TARGET = 17.4;
				MARKETING_VERSION = 1.0;
				PRODUCT_BUNDLE_IDENTIFIER = DavidPerez.Project2BeRealCloneTests;
				PRODUCT_NAME = "$(TARGET_NAME)";
				SWIFT_EMIT_LOC_STRINGS = NO;
				SWIFT_VERSION = 5.0;
				TARGETED_DEVICE_FAMILY = "1,2";
				TEST_HOST = "$(BUILT_PRODUCTS_DIR)/Project2BeRealClone.app/$(BUNDLE_EXECUTABLE_FOLDER_PATH)/Project2BeRealClone";
			};
			name = Release;
		};
		D3333B442C9DF02500B4B3E8 /* Debug */ = {
			isa = XCBuildConfiguration;
			buildSettings = {
				ALWAYS_EMBED_SWIFT_STANDARD_LIBRARIES = YES;
				CODE_SIGN_STYLE = Automatic;
				CURRENT_PROJECT_VERSION = 1;
				DEVELOPMENT_TEAM = 62X5SNLX8B;
				GENERATE_INFOPLIST_FILE = YES;
				MARKETING_VERSION = 1.0;
				PRODUCT_BUNDLE_IDENTIFIER = DavidPerez.Project2BeRealCloneUITests;
				PRODUCT_NAME = "$(TARGET_NAME)";
				SWIFT_EMIT_LOC_STRINGS = NO;
				SWIFT_VERSION = 5.0;
				TARGETED_DEVICE_FAMILY = "1,2";
				TEST_TARGET_NAME = Project2BeRealClone;
			};
			name = Debug;
		};
		D3333B452C9DF02500B4B3E8 /* Release */ = {
			isa = XCBuildConfiguration;
			buildSettings = {
				ALWAYS_EMBED_SWIFT_STANDARD_LIBRARIES = YES;
				CODE_SIGN_STYLE = Automatic;
				CURRENT_PROJECT_VERSION = 1;
				DEVELOPMENT_TEAM = 62X5SNLX8B;
				GENERATE_INFOPLIST_FILE = YES;
				MARKETING_VERSION = 1.0;
				PRODUCT_BUNDLE_IDENTIFIER = DavidPerez.Project2BeRealCloneUITests;
				PRODUCT_NAME = "$(TARGET_NAME)";
				SWIFT_EMIT_LOC_STRINGS = NO;
				SWIFT_VERSION = 5.0;
				TARGETED_DEVICE_FAMILY = "1,2";
				TEST_TARGET_NAME = Project2BeRealClone;
			};
			name = Release;
		};
/* End XCBuildConfiguration section */

/* Begin XCConfigurationList section */
		D3333B142C9DF02300B4B3E8 /* Build configuration list for PBXProject "Project2BeRealClone" */ = {
			isa = XCConfigurationList;
			buildConfigurations = (
				D3333B3B2C9DF02500B4B3E8 /* Debug */,
				D3333B3C2C9DF02500B4B3E8 /* Release */,
			);
			defaultConfigurationIsVisible = 0;
			defaultConfigurationName = Release;
		};
		D3333B3D2C9DF02500B4B3E8 /* Build configuration list for PBXNativeTarget "Project2BeRealClone" */ = {
			isa = XCConfigurationList;
			buildConfigurations = (
				D3333B3E2C9DF02500B4B3E8 /* Debug */,
				D3333B3F2C9DF02500B4B3E8 /* Release */,
			);
			defaultConfigurationIsVisible = 0;
			defaultConfigurationName = Release;
		};
		D3333B402C9DF02500B4B3E8 /* Build configuration list for PBXNativeTarget "Project2BeRealCloneTests" */ = {
			isa = XCConfigurationList;
			buildConfigurations = (
				D3333B412C9DF02500B4B3E8 /* Debug */,
				D3333B422C9DF02500B4B3E8 /* Release */,
			);
			defaultConfigurationIsVisible = 0;
			defaultConfigurationName = Release;
		};
		D3333B432C9DF02500B4B3E8 /* Build configuration list for PBXNativeTarget "Project2BeRealCloneUITests" */ = {
			isa = XCConfigurationList;
			buildConfigurations = (
				D3333B442C9DF02500B4B3E8 /* Debug */,
				D3333B452C9DF02500B4B3E8 /* Release */,
			);
			defaultConfigurationIsVisible = 0;
			defaultConfigurationName = Release;
		};
/* End XCConfigurationList section */

/* Begin XCRemoteSwiftPackageReference section */
		D3504AE62C9DF689008B7193 /* XCRemoteSwiftPackageReference "Parse-SDK-iOS-OSX" */ = {
			isa = XCRemoteSwiftPackageReference;
			repositoryURL = "https://github.com/parse-community/Parse-SDK-iOS-OSX";
			requirement = {
				kind = upToNextMajorVersion;
				minimumVersion = 4.1.1;
			};
		};
/* End XCRemoteSwiftPackageReference section */

/* Begin XCSwiftPackageProductDependency section */
		D3504AE72C9DF689008B7193 /* ParseLiveQuery */ = {
			isa = XCSwiftPackageProductDependency;
			package = D3504AE62C9DF689008B7193 /* XCRemoteSwiftPackageReference "Parse-SDK-iOS-OSX" */;
			productName = ParseLiveQuery;
		};
		D3504AE92C9DF689008B7193 /* ParseObjC */ = {
			isa = XCSwiftPackageProductDependency;
			package = D3504AE62C9DF689008B7193 /* XCRemoteSwiftPackageReference "Parse-SDK-iOS-OSX" */;
			productName = ParseObjC;
		};
/* End XCSwiftPackageProductDependency section */
	};
	rootObject = D3333B112C9DF02300B4B3E8 /* Project object */;
}
